
Microsoft Visual Studio Solution File, Format Version 12.00
# Visual Studio Version 17
VisualStudioVersion = 17.7.34003.232
MinimumVisualStudioVersion = 10.0.40219.1
Project("{9A19103F-16F7-4668-BE54-9A1E7A4F7556}") = "CNMaisons", "CNMaisons.csproj", "{669DEA0A-8BAF-438B-9441-9C685A9CAB08}"
EndProject
Global
	GlobalSection(SolutionConfigurationPlatforms) = preSolution
		Debug|Any CPU = Debug|Any CPU
		Release|Any CPU = Release|Any CPU
	EndGlobalSection
	GlobalSection(ProjectConfigurationPlatforms) = postSolution
		{669DEA0A-8BAF-438B-9441-9C685A9CAB08}.Debug|Any CPU.ActiveCfg = Debug|Any CPU
		{669DEA0A-8BAF-438B-9441-9C685A9CAB08}.Debug|Any CPU.Build.0 = Debug|Any CPU
		{669DEA0A-8BAF-438B-9441-9C685A9CAB08}.Release|Any CPU.ActiveCfg = Release|Any CPU
		{669DEA0A-8BAF-438B-9441-9C685A9CAB08}.Release|Any CPU.Build.0 = Release|Any CPU
	EndGlobalSection
	GlobalSection(SolutionProperties) = preSolution
		HideSolutionNode = FALSE
	EndGlobalSection
	GlobalSection(ExtensibilityGlobals) = postSolution
		SolutionGuid = {EA588B12-0F56-437D-B772-20EF375B20E6}
	EndGlobalSection
EndGlobal
